
Microsoft Visual Studio Solution File, Format Version 12.00
# Visual Studio Version 17
VisualStudioVersion = 17.13.35931.197 d17.13
MinimumVisualStudioVersion = 10.0.40219.1
Project("{FAE04EC0-301F-11D3-BF4B-00C04F79EFBC}") = "Denis05_07_25", "Denis05_07_25\Denis05_07_25.csproj", "{2D2A80F0-A97C-459F-B04D-F7C0770E7648}"
EndProject
Global
	GlobalSection(SolutionConfigurationPlatforms) = preSolution
		Debug|Any CPU = Debug|Any CPU
		Release|Any CPU = Release|Any CPU
	EndGlobalSection
	GlobalSection(ProjectConfigurationPlatforms) = postSolution
		{2D2A80F0-A97C-459F-B04D-F7C0770E7648}.Debug|Any CPU.ActiveCfg = Debug|Any CPU
		{2D2A80F0-A97C-459F-B04D-F7C0770E7648}.Debug|Any CPU.Build.0 = Debug|Any CPU
		{2D2A80F0-A97C-459F-B04D-F7C0770E7648}.Release|Any CPU.ActiveCfg = Release|Any CPU
		{2D2A80F0-A97C-459F-B04D-F7C0770E7648}.Release|Any CPU.Build.0 = Release|Any CPU
	EndGlobalSection
	GlobalSection(SolutionProperties) = preSolution
		HideSolutionNode = FALSE
	EndGlobalSection
	GlobalSection(ExtensibilityGlobals) = postSolution
		SolutionGuid = {FA0E8478-4B20-4664-93DC-9BBE8C51B461}
	EndGlobalSection
EndGlobal
